
Microsoft Visual Studio Solution File, Format Version 12.00
# Visual Studio 15
VisualStudioVersion = 15.0.28307.852
MinimumVisualStudioVersion = 10.0.40219.1
Project("{FAE04EC0-301F-11D3-BF4B-00C04F79EFBC}") = "NETCore.TestFirstDataMicroIndicatorService", "NETCore.TestFirstDataMicroIndicatorService\NETCore.TestFirstDataMicroIndicatorService.csproj", "{C639A015-9EBD-45F8-AF23-D6E68BA0C5DD}"
EndProject
Global
	GlobalSection(SolutionConfigurationPlatforms) = preSolution
		Debug|Any CPU = Debug|Any CPU
		Release|Any CPU = Release|Any CPU
	EndGlobalSection
	GlobalSection(ProjectConfigurationPlatforms) = postSolution
		{C639A015-9EBD-45F8-AF23-D6E68BA0C5DD}.Debug|Any CPU.ActiveCfg = Debug|Any CPU
		{C639A015-9EBD-45F8-AF23-D6E68BA0C5DD}.Debug|Any CPU.Build.0 = Debug|Any CPU
		{C639A015-9EBD-45F8-AF23-D6E68BA0C5DD}.Release|Any CPU.ActiveCfg = Release|Any CPU
		{C639A015-9EBD-45F8-AF23-D6E68BA0C5DD}.Release|Any CPU.Build.0 = Release|Any CPU
	EndGlobalSection
	GlobalSection(SolutionProperties) = preSolution
		HideSolutionNode = FALSE
	EndGlobalSection
	GlobalSection(ExtensibilityGlobals) = postSolution
		SolutionGuid = {431EA89C-3223-4A61-AD1D-826BF6AF8C5F}
	EndGlobalSection
EndGlobal
